
Microsoft Visual Studio Solution File, Format Version 12.00
# Visual Studio Version 17
VisualStudioVersion = 17.3.32929.385
MinimumVisualStudioVersion = 10.0.40219.1
Project("{FAE04EC0-301F-11D3-BF4B-00C04F79EFBC}") = "Common", "Common\Common.csproj", "{9906ACDD-1CDE-44B0-878C-671989989FC7}"
EndProject
Project("{FAE04EC0-301F-11D3-BF4B-00C04F79EFBC}") = "Server", "Server\Server.csproj", "{7DC366D1-17E4-4903-9734-5EA89440BAAA}"
EndProject
Project("{FAE04EC0-301F-11D3-BF4B-00C04F79EFBC}") = "Server.Test", "Server.Test\Server.Test.csproj", "{230C2286-1EBC-41C1-866A-9F3C16633862}"
EndProject
Global
	GlobalSection(SolutionConfigurationPlatforms) = preSolution
		Debug|Any CPU = Debug|Any CPU
		Release|Any CPU = Release|Any CPU
	EndGlobalSection
	GlobalSection(ProjectConfigurationPlatforms) = postSolution
		{9906ACDD-1CDE-44B0-878C-671989989FC7}.Debug|Any CPU.ActiveCfg = Debug|Any CPU
		{9906ACDD-1CDE-44B0-878C-671989989FC7}.Debug|Any CPU.Build.0 = Debug|Any CPU
		{9906ACDD-1CDE-44B0-878C-671989989FC7}.Release|Any CPU.ActiveCfg = Release|Any CPU
		{9906ACDD-1CDE-44B0-878C-671989989FC7}.Release|Any CPU.Build.0 = Release|Any CPU
		{7DC366D1-17E4-4903-9734-5EA89440BAAA}.Debug|Any CPU.ActiveCfg = Debug|Any CPU
		{7DC366D1-17E4-4903-9734-5EA89440BAAA}.Debug|Any CPU.Build.0 = Debug|Any CPU
		{7DC366D1-17E4-4903-9734-5EA89440BAAA}.Release|Any CPU.ActiveCfg = Release|Any CPU
		{7DC366D1-17E4-4903-9734-5EA89440BAAA}.Release|Any CPU.Build.0 = Release|Any CPU
		{230C2286-1EBC-41C1-866A-9F3C16633862}.Debug|Any CPU.ActiveCfg = Debug|Any CPU
		{230C2286-1EBC-41C1-866A-9F3C16633862}.Debug|Any CPU.Build.0 = Debug|Any CPU
		{230C2286-1EBC-41C1-866A-9F3C16633862}.Release|Any CPU.ActiveCfg = Release|Any CPU
		{230C2286-1EBC-41C1-866A-9F3C16633862}.Release|Any CPU.Build.0 = Release|Any CPU
	EndGlobalSection
	GlobalSection(SolutionProperties) = preSolution
		HideSolutionNode = FALSE
	EndGlobalSection
	GlobalSection(ExtensibilityGlobals) = postSolution
		SolutionGuid = {5AFCF08C-7103-42DE-8E59-203CE3A43F75}
	EndGlobalSection
EndGlobal
